
Microsoft Visual Studio Solution File, Format Version 12.00
# Visual Studio Version 16
VisualStudioVersion = 16.0.30503.244
MinimumVisualStudioVersion = 10.0.40219.1
Project("{2150E333-8FDC-42A3-9474-1A3956D46DE8}") = "1", "1", "{EDD205B8-4262-4465-BDC5-A53CEB7BCCC8}"
EndProject
Project("{FAE04EC0-301F-11D3-BF4B-00C04F79EFBC}") = "4сем_c_sharp_1", "..\1\4сем_c_sharp_1\4сем_c_sharp_1\4сем_c_sharp_1.csproj", "{5918AB67-AF54-4044-BDC8-BD6A33980AFF}"
EndProject
Project("{FAE04EC0-301F-11D3-BF4B-00C04F79EFBC}") = "Lab1.Objects", "..\1\Lab1.Objects\Lab1.Objects\Lab1.Objects.csproj", "{209EBB42-8BBF-40D0-9C3A-034B8CF000F3}"
EndProject
Project("{2150E333-8FDC-42A3-9474-1A3956D46DE8}") = "2", "2", "{00896333-BB92-4BCB-9128-B91CCF64E979}"
EndProject
Project("{2150E333-8FDC-42A3-9474-1A3956D46DE8}") = "3", "3", "{9080B602-A7C0-4162-8E67-1D23024E8285}"
EndProject
Project("{2150E333-8FDC-42A3-9474-1A3956D46DE8}") = "4", "4", "{9439A76F-8C36-4503-87FB-22993BD34D4D}"
EndProject
Project("{2150E333-8FDC-42A3-9474-1A3956D46DE8}") = "5_6", "5_6", "{998F9C4F-7373-4A28-84B2-9305994410F1}"
EndProject
Project("{FAE04EC0-301F-11D3-BF4B-00C04F79EFBC}") = "4сем_c_sharp_2", "..\2\4сем_c_sharp_2\4сем_c_sharp_2\4сем_c_sharp_2.csproj", "{A861C6D3-1D74-47A2-A487-85462A84C0A9}"
EndProject
Project("{FAE04EC0-301F-11D3-BF4B-00C04F79EFBC}") = "Lab2.Objects", "..\2\Lab2.Objects\Lab2.Objects\Lab2.Objects.csproj", "{9D240F98-AEED-43B1-BFAB-605E371B0CA2}"
EndProject
Project("{FAE04EC0-301F-11D3-BF4B-00C04F79EFBC}") = "4сем_c_sharp_3", "..\3\4сем_c_sharp_3\4сем_c_sharp_3\4сем_c_sharp_3.csproj", "{81A8FD82-10D4-4907-B024-3B205279F078}"
EndProject
Project("{FAE04EC0-301F-11D3-BF4B-00C04F79EFBC}") = "Lab3.Objects", "..\3\Lab3.Objects\Lab3.Objects\Lab3.Objects.csproj", "{33C0F8F3-E08D-4591-9498-082CBFB7D1AA}"
EndProject
Project("{FAE04EC0-301F-11D3-BF4B-00C04F79EFBC}") = "4сем_c_sharp_4", "..\4\4сем_c_sharp_4\4сем_c_sharp_4\4сем_c_sharp_4.csproj", "{C043E9D1-03A9-4492-B09F-778434E05ECD}"
EndProject
Project("{FAE04EC0-301F-11D3-BF4B-00C04F79EFBC}") = "Lab4.Objects", "..\4\Lab4.Objects\Lab4.Objects\Lab4.Objects.csproj", "{D92BC8E6-E86B-48BB-BBC9-69F2D2F67A87}"
EndProject
Project("{FAE04EC0-301F-11D3-BF4B-00C04F79EFBC}") = "4сем_c_sharp_5", "..\5\4сем_c_sharp_5\4сем_c_sharp_5\4сем_c_sharp_5.csproj", "{443909DB-98DF-41AE-B6F8-608722F6417D}"
EndProject
Project("{FAE04EC0-301F-11D3-BF4B-00C04F79EFBC}") = "Lab5.Objects", "..\5\Lab5.Objects\Lab5.Objects\Lab5.Objects.csproj", "{172C9AA3-89AF-4729-828E-503AE71C5A4C}"
EndProject
Global
	GlobalSection(SolutionConfigurationPlatforms) = preSolution
		Debug|Any CPU = Debug|Any CPU
		Release|Any CPU = Release|Any CPU
	EndGlobalSection
	GlobalSection(ProjectConfigurationPlatforms) = postSolution
		{5918AB67-AF54-4044-BDC8-BD6A33980AFF}.Debug|Any CPU.ActiveCfg = Debug|Any CPU
		{5918AB67-AF54-4044-BDC8-BD6A33980AFF}.Debug|Any CPU.Build.0 = Debug|Any CPU
		{5918AB67-AF54-4044-BDC8-BD6A33980AFF}.Release|Any CPU.ActiveCfg = Release|Any CPU
		{5918AB67-AF54-4044-BDC8-BD6A33980AFF}.Release|Any CPU.Build.0 = Release|Any CPU
		{209EBB42-8BBF-40D0-9C3A-034B8CF000F3}.Debug|Any CPU.ActiveCfg = Debug|Any CPU
		{209EBB42-8BBF-40D0-9C3A-034B8CF000F3}.Debug|Any CPU.Build.0 = Debug|Any CPU
		{209EBB42-8BBF-40D0-9C3A-034B8CF000F3}.Release|Any CPU.ActiveCfg = Release|Any CPU
		{209EBB42-8BBF-40D0-9C3A-034B8CF000F3}.Release|Any CPU.Build.0 = Release|Any CPU
		{A861C6D3-1D74-47A2-A487-85462A84C0A9}.Debug|Any CPU.ActiveCfg = Debug|Any CPU
		{A861C6D3-1D74-47A2-A487-85462A84C0A9}.Debug|Any CPU.Build.0 = Debug|Any CPU
		{A861C6D3-1D74-47A2-A487-85462A84C0A9}.Release|Any CPU.ActiveCfg = Release|Any CPU
		{A861C6D3-1D74-47A2-A487-85462A84C0A9}.Release|Any CPU.Build.0 = Release|Any CPU
		{9D240F98-AEED-43B1-BFAB-605E371B0CA2}.Debug|Any CPU.ActiveCfg = Debug|Any CPU
		{9D240F98-AEED-43B1-BFAB-605E371B0CA2}.Debug|Any CPU.Build.0 = Debug|Any CPU
		{9D240F98-AEED-43B1-BFAB-605E371B0CA2}.Release|Any CPU.ActiveCfg = Release|Any CPU
		{9D240F98-AEED-43B1-BFAB-605E371B0CA2}.Release|Any CPU.Build.0 = Release|Any CPU
		{81A8FD82-10D4-4907-B024-3B205279F078}.Debug|Any CPU.ActiveCfg = Debug|Any CPU
		{81A8FD82-10D4-4907-B024-3B205279F078}.Debug|Any CPU.Build.0 = Debug|Any CPU
		{81A8FD82-10D4-4907-B024-3B205279F078}.Release|Any CPU.ActiveCfg = Release|Any CPU
		{81A8FD82-10D4-4907-B024-3B205279F078}.Release|Any CPU.Build.0 = Release|Any CPU
		{33C0F8F3-E08D-4591-9498-082CBFB7D1AA}.Debug|Any CPU.ActiveCfg = Debug|Any CPU
		{33C0F8F3-E08D-4591-9498-082CBFB7D1AA}.Debug|Any CPU.Build.0 = Debug|Any CPU
		{33C0F8F3-E08D-4591-9498-082CBFB7D1AA}.Release|Any CPU.ActiveCfg = Release|Any CPU
		{33C0F8F3-E08D-4591-9498-082CBFB7D1AA}.Release|Any CPU.Build.0 = Release|Any CPU
		{C043E9D1-03A9-4492-B09F-778434E05ECD}.Debug|Any CPU.ActiveCfg = Debug|Any CPU
		{C043E9D1-03A9-4492-B09F-778434E05ECD}.Debug|Any CPU.Build.0 = Debug|Any CPU
		{C043E9D1-03A9-4492-B09F-778434E05ECD}.Release|Any CPU.ActiveCfg = Release|Any CPU
		{C043E9D1-03A9-4492-B09F-778434E05ECD}.Release|Any CPU.Build.0 = Release|Any CPU
		{D92BC8E6-E86B-48BB-BBC9-69F2D2F67A87}.Debug|Any CPU.ActiveCfg = Debug|Any CPU
		{D92BC8E6-E86B-48BB-BBC9-69F2D2F67A87}.Debug|Any CPU.Build.0 = Debug|Any CPU
		{D92BC8E6-E86B-48BB-BBC9-69F2D2F67A87}.Release|Any CPU.ActiveCfg = Release|Any CPU
		{D92BC8E6-E86B-48BB-BBC9-69F2D2F67A87}.Release|Any CPU.Build.0 = Release|Any CPU
		{443909DB-98DF-41AE-B6F8-608722F6417D}.Debug|Any CPU.ActiveCfg = Debug|Any CPU
		{443909DB-98DF-41AE-B6F8-608722F6417D}.Debug|Any CPU.Build.0 = Debug|Any CPU
		{443909DB-98DF-41AE-B6F8-608722F6417D}.Release|Any CPU.ActiveCfg = Release|Any CPU
		{443909DB-98DF-41AE-B6F8-608722F6417D}.Release|Any CPU.Build.0 = Release|Any CPU
		{172C9AA3-89AF-4729-828E-503AE71C5A4C}.Debug|Any CPU.ActiveCfg = Debug|Any CPU
		{172C9AA3-89AF-4729-828E-503AE71C5A4C}.Debug|Any CPU.Build.0 = Debug|Any CPU
		{172C9AA3-89AF-4729-828E-503AE71C5A4C}.Release|Any CPU.ActiveCfg = Release|Any CPU
		{172C9AA3-89AF-4729-828E-503AE71C5A4C}.Release|Any CPU.Build.0 = Release|Any CPU
	EndGlobalSection
	GlobalSection(SolutionProperties) = preSolution
		HideSolutionNode = FALSE
	EndGlobalSection
	GlobalSection(NestedProjects) = preSolution
		{5918AB67-AF54-4044-BDC8-BD6A33980AFF} = {EDD205B8-4262-4465-BDC5-A53CEB7BCCC8}
		{209EBB42-8BBF-40D0-9C3A-034B8CF000F3} = {EDD205B8-4262-4465-BDC5-A53CEB7BCCC8}
		{A861C6D3-1D74-47A2-A487-85462A84C0A9} = {00896333-BB92-4BCB-9128-B91CCF64E979}
		{9D240F98-AEED-43B1-BFAB-605E371B0CA2} = {00896333-BB92-4BCB-9128-B91CCF64E979}
		{81A8FD82-10D4-4907-B024-3B205279F078} = {9080B602-A7C0-4162-8E67-1D23024E8285}
		{33C0F8F3-E08D-4591-9498-082CBFB7D1AA} = {9080B602-A7C0-4162-8E67-1D23024E8285}
		{C043E9D1-03A9-4492-B09F-778434E05ECD} = {9439A76F-8C36-4503-87FB-22993BD34D4D}
		{D92BC8E6-E86B-48BB-BBC9-69F2D2F67A87} = {9439A76F-8C36-4503-87FB-22993BD34D4D}
		{443909DB-98DF-41AE-B6F8-608722F6417D} = {998F9C4F-7373-4A28-84B2-9305994410F1}
		{172C9AA3-89AF-4729-828E-503AE71C5A4C} = {998F9C4F-7373-4A28-84B2-9305994410F1}
	EndGlobalSection
	GlobalSection(ExtensibilityGlobals) = postSolution
		SolutionGuid = {5F53EFD8-66CC-4407-9E74-D9DA1851A16F}
	EndGlobalSection
EndGlobal
